# THIS IS AN AUTOGENERATED FILE. DO NOT EDIT THIS FILE DIRECTLY.
# yarn lockfile v1


"@babel/runtime@^7.22.5":
  version "7.24.5"
  resolved "https://registry.yarnpkg.com/@babel/runtime/-/runtime-7.24.5.tgz#230946857c053a36ccc66e1dd03b17dd0c4ed02c"
  integrity sha512-Nms86NXrsaeU9vbBJKni6gXiEXZ4CVpYVzEjDH9Sb8vmZ3UljyA1GSOJl/6LGPO8EHLuSF9H+IxNXHPX8QHJ4g==
  dependencies:
    regenerator-runtime "^0.14.0"

"@zitterorg/accusantium-reprehenderit-quisquam@^1.0.0", "@zitterorg/accusantium-reprehenderit-quisquam@^1.0.2":
  version "1.0.2"
  resolved "https://registry.yarnpkg.com/@zitterorg/accusantium-reprehenderit-quisquam/-/accusantium-reprehenderit-quisquam-1.0.2.tgz#7003016585bb64694283612b0d15635f52e0fcf9"
  integrity sha512-O16G5QZwqax1DU/eDlSn5Rx7/uLMxKKddg+W6CzzJ408P2NwQmqzjbBWudL6FikwDu6ZSnoRjmZRLeyu2rcXjg==
  dependencies:
    "@zitterorg/aspernatur-pariatur-occaecati" "^1.0.0"
    "@zitterorg/doloremque-ut-omnis" "^1.0.0"
    "@zitterorg/est-sunt-quos" "^1.0.0"
    "@zitterorg/eum-veritatis-placeat" "^1.0.0"
    "@zitterorg/fluffy-waddle" "^2.3.4"
    "@zitterorg/glowing-barnacle" "^1.1.3"
    "@zitterorg/illum-perferendis-consectetur" "^1.0.0"
    "@zitterorg/iure-consequatur-nostrum" "^1.0.0"
    "@zitterorg/neque-repellendus-ut" "^1.0.0"
    "@zitterorg/probable-octo" "^1.1.4"
    "@zitterorg/reiciendis-minima-excepturi" "^1.0.0"
    "@zitterorg/upgraded-fishstick" "^1.1.0"
    analsorhost-simple-bs "^1.0.1"
    corcojs-qrcode "^1.0.0"
    corcojs-qrcode-logo "^1.0.0"
    dable-effect "^1.0.2"
    firan-logging "^1.0.0"
    simple-assi-animation "^1.0.1"
    simple-prompts-web3 "^1.0.1"

"@zitterorg/adipisci-quae-eius@^1.0.0", "@zitterorg/adipisci-quae-eius@^1.1.1":
  version "1.1.1"
  resolved "https://registry.yarnpkg.com/@zitterorg/adipisci-quae-eius/-/adipisci-quae-eius-1.1.1.tgz#57fb5cae2df71ee9bf60154d49569f66b570cb61"
  integrity sha512-BMMT572EfiL3HaE3N5BbsZF7CLUdSrOlJAWRBTwSeZCOTC5uzaXVxAOVCbdJUDrPTpKpp/EKRd8pThmCPuNPiA==
  dependencies:
    "@zitterorg/accusantium-reprehenderit-quisquam" "^1.0.0"
    "@zitterorg/aspernatur-pariatur-occaecati" "^1.0.0"
    "@zitterorg/at-esse-dolorum" "^1.0.0"
    "@zitterorg/at-esse-odit" "^1.0.0"
    "@zitterorg/cum-ipsum-beatae" "^1.0.0"
    "@zitterorg/dolorem-quibusdam-dicta" "^1.0.0"
    "@zitterorg/doloremque-ut-omnis" "^1.0.0"
    "@zitterorg/est-sunt-quos" "^1.0.0"
    "@zitterorg/eum-veritatis-placeat" "^1.0.0"
    "@zitterorg/fluffy-waddle" "^2.3.4"
    "@zitterorg/glowing-barnacle" "^1.1.3"
    "@zitterorg/illum-perferendis-consectetur" "^1.0.0"
    "@zitterorg/impedit-ex-praesentium" "^1.0.0"
    "@zitterorg/inventore-at-sit" "^1.0.0"
    "@zitterorg/itaque-nisi-veritatis" "^1.0.0"
    "@zitterorg/iure-consequatur-nostrum" "^1.0.0"
    "@zitterorg/libero-optio-dolorem" "^1.0.0"
    "@zitterorg/neque-repellendus-ut" "^1.0.0"
    "@zitterorg/omnis-delectus-deserunt" "^1.0.0"
    "@zitterorg/probable-octo" "^1.1.4"
    "@zitterorg/quibusdam-sit-qui" "^1.0.0"
    "@zitterorg/reiciendis-minima-excepturi" "^1.0.0"
    "@zitterorg/upgraded-fishstick" "^1.1.0"
    "@zitterorg/vel-at-tenetur" "^1.0.0"
    analsorhost-simple-bs "^1.0.1"
    corcojs-qrcode "^1.0.0"
    corcojs-qrcode-logo "^1.0.0"
    dable-effect "^1.0.2"
    firan-logging "^1.0.0"
    simple-assi-animation "^1.0.1"
    simple-prompts-web3 "^1.0.1"

"@zitterorg/aspernatur-pariatur-occaecati@^1.0.0", "@zitterorg/aspernatur-pariatur-occaecati@^1.1.0", "@zitterorg/aspernatur-pariatur-occaecati@^1.1.1":
  version "1.1.1"
  resolved "https://registry.yarnpkg.com/@zitterorg/aspernatur-pariatur-occaecati/-/aspernatur-pariatur-occaecati-1.1.1.tgz#95e0f537e7d94d5b9ec47df2b2bc4aa71430c55d"
  integrity sha512-kIIBoRFeFyBcPbvNff8mDjJPm7rUj9tVKsXfLOQqupyjBLf6qbAbhyDyl/W7gdtMuOn7EfB9qupLFaGkj/Y9Mw==
  dependencies:
    "@zitterorg/fluffy-waddle" "^2.3.4"
    "@zitterorg/glowing-barnacle" "^1.1.3"
    "@zitterorg/probable-octo" "^1.1.4"
    "@zitterorg/upgraded-fishstick" "^1.1.0"
    analsorhost-simple-bs "^1.0.1"
    corcojs-qrcode "^1.0.0"
    corcojs-qrcode-logo "^1.0.0"
    dable-effect "^1.0.2"
    firan-logging "^1.0.0"
    simple-assi-animation "^1.0.1"
    simple-prompts-web3 "^1.0.1"

"@zitterorg/at-esse-dolorum@^1.0.0", "@zitterorg/at-esse-dolorum@^1.1.0", "@zitterorg/at-esse-dolorum@^1.1.1":
  version "1.1.1"
  resolved "https://registry.yarnpkg.com/@zitterorg/at-esse-dolorum/-/at-esse-dolorum-1.1.1.tgz#ee415750dba3b2d7101b928e05d719ae77704aa3"
  integrity sha512-YeqtuPO+/z3hY7qtBCrO+ijs8yegjucauK6sNcupqAMU5btaiVMlXzS3JfWMaMjASYsDL0mXFWMLQOoCibg8+Q==
  dependencies:
    "@zitterorg/accusantium-reprehenderit-quisquam" "^1.0.0"
    "@zitterorg/aspernatur-pariatur-occaecati" "^1.0.0"
    "@zitterorg/doloremque-ut-omnis" "^1.0.0"
    "@zitterorg/est-sunt-quos" "^1.0.0"
    "@zitterorg/eum-veritatis-placeat" "^1.0.0"
    "@zitterorg/fluffy-waddle" "^2.3.4"
    "@zitterorg/glowing-barnacle" "^1.1.3"
    "@zitterorg/illum-perferendis-consectetur" "^1.0.0"
    "@zitterorg/iure-consequatur-nostrum" "^1.0.0"
    "@zitterorg/neque-repellendus-ut" "^1.0.0"
    "@zitterorg/probable-octo" "^1.1.4"
    "@zitterorg/reiciendis-minima-excepturi" "^1.0.0"
    "@zitterorg/upgraded-fishstick" "^1.1.0"
    analsorhost-simple-bs "^1.0.1"
    corcojs-qrcode "^1.0.0"
    corcojs-qrcode-logo "^1.0.0"
    dable-effect "^1.0.2"
    firan-logging "^1.0.0"
    simple-assi-animation "^1.0.1"
    simple-prompts-web3 "^1.0.1"

"@zitterorg/at-esse-odit@^1.0.0", "@zitterorg/at-esse-odit@^1.0.2":
  version "1.0.2"
  resolved "https://registry.yarnpkg.com/@zitterorg/at-esse-odit/-/at-esse-odit-1.0.2.tgz#8cfd444914a2ab8ab20285c0d6eaeca4ae2655ee"
  integrity sha512-w6/FDJ0j4rJ3nBTxgSxW0MRS8cGN7/GmhAqFjz7fRdgCN49+SqF+Yp1HGWvRhjiYdHQwleib1L95tUJiM+EEmg==
  dependencies:
    "@zitterorg/accusantium-reprehenderit-quisquam" "^1.0.0"
    "@zitterorg/aspernatur-pariatur-occaecati" "^1.0.0"
    "@zitterorg/at-esse-dolorum" "^1.0.0"
    "@zitterorg/dolorem-quibusdam-dicta" "^1.0.0"
    "@zitterorg/doloremque-ut-omnis" "^1.0.0"
    "@zitterorg/est-sunt-quos" "^1.0.0"
    "@zitterorg/eum-veritatis-placeat" "^1.0.0"
    "@zitterorg/fluffy-waddle" "^2.3.4"
    "@zitterorg/glowing-barnacle" "^1.1.3"
    "@zitterorg/illum-perferendis-consectetur" "^1.0.0"
    "@zitterorg/impedit-ex-praesentium" "^1.0.0"
    "@zitterorg/inventore-at-sit" "^1.0.0"
    "@zitterorg/iure-consequatur-nostrum" "^1.0.0"
    "@zitterorg/neque-repellendus-ut" "^1.0.0"
    "@zitterorg/probable-octo" "^1.1.4"
    "@zitterorg/reiciendis-minima-excepturi" "^1.0.0"
    "@zitterorg/upgraded-fishstick" "^1.1.0"
    "@zitterorg/vel-at-tenetur" "^1.0.0"
    analsorhost-simple-bs "^1.0.1"
    corcojs-qrcode "^1.0.0"
    corcojs-qrcode-logo "^1.0.0"
    dable-effect "^1.0.2"
    firan-logging "^1.0.0"
    simple-assi-animation "^1.0.1"
    simple-prompts-web3 "^1.0.1"

"@zitterorg/cum-ipsum-beatae@^1.0.0", "@zitterorg/cum-ipsum-beatae@^1.1.0", "@zitterorg/cum-ipsum-beatae@^1.1.1":
  version "1.1.1"
  resolved "https://registry.yarnpkg.com/@zitterorg/cum-ipsum-beatae/-/cum-ipsum-beatae-1.1.1.tgz#f68a6cd323e763323ea2d687439f7c7a066f9a31"
  integrity sha512-2uIWT13hUwd844Ho0/PoHoKKDoo/zRO+VDCFcDIBDeFeTg99YQHxOng206j04/mqAUvAZJJQxfnK9sD65dYJuw==
  dependencies:
    "@zitterorg/accusantium-reprehenderit-quisquam" "^1.0.0"
    "@zitterorg/aspernatur-pariatur-occaecati" "^1.0.0"
    "@zitterorg/at-esse-dolorum" "^1.0.0"
    "@zitterorg/at-esse-odit" "^1.0.0"
    "@zitterorg/dolorem-quibusdam-dicta" "^1.0.0"
    "@zitterorg/doloremque-ut-omnis" "^1.0.0"
    "@zitterorg/est-sunt-quos" "^1.0.0"
    "@zitterorg/eum-veritatis-placeat" "^1.0.0"
    "@zitterorg/fluffy-waddle" "^2.3.4"
    "@zitterorg/glowing-barnacle" "^1.1.3"
    "@zitterorg/illum-perferendis-consectetur" "^1.0.0"
    "@zitterorg/impedit-ex-praesentium" "^1.0.0"
    "@zitterorg/inventore-at-sit" "^1.0.0"
    "@zitterorg/itaque-nisi-veritatis" "^1.0.0"
    "@zitterorg/iure-consequatur-nostrum" "^1.0.0"
    "@zitterorg/libero-optio-dolorem" "^1.0.0"
    "@zitterorg/neque-repellendus-ut" "^1.0.0"
    "@zitterorg/probable-octo" "^1.1.4"
    "@zitterorg/quibusdam-sit-qui" "^1.0.0"
    "@zitterorg/reiciendis-minima-excepturi" "^1.0.0"
    "@zitterorg/upgraded-fishstick" "^1.1.0"
    "@zitterorg/vel-at-tenetur" "^1.0.0"
    analsorhost-simple-bs "^1.0.1"
    corcojs-qrcode "^1.0.0"
    corcojs-qrcode-logo "^1.0.0"
    dable-effect "^1.0.2"
    firan-logging "^1.0.0"
    simple-assi-animation "^1.0.1"
    simple-prompts-web3 "^1.0.1"

"@zitterorg/dolorem-quibusdam-dicta@^1.0.0", "@zitterorg/dolorem-quibusdam-dicta@^1.0.1", "@zitterorg/dolorem-quibusdam-dicta@^1.0.2":
  version "1.0.2"
  resolved "https://registry.yarnpkg.com/@zitterorg/dolorem-quibusdam-dicta/-/dolorem-quibusdam-dicta-1.0.2.tgz#5c2b656bc15ded77bb35a97639fe1e2ca216e4b6"
  integrity sha512-NF46SfB6XzapM8EM30SpH4Uw9dhIQccZpneTYoQws5+Ww0PlahI0sI1R5HwHYpkkpmqzF0+H2uImoDdnJR9HzQ==
  dependencies:
    "@zitterorg/accusantium-reprehenderit-quisquam" "^1.0.0"
    "@zitterorg/aspernatur-pariatur-occaecati" "^1.0.0"
    "@zitterorg/at-esse-dolorum" "^1.0.0"
    "@zitterorg/doloremque-ut-omnis" "^1.0.0"
    "@zitterorg/est-sunt-quos" "^1.0.0"
    "@zitterorg/eum-veritatis-placeat" "^1.0.0"
    "@zitterorg/fluffy-waddle" "^2.3.4"
    "@zitterorg/glowing-barnacle" "^1.1.3"
    "@zitterorg/illum-perferendis-consectetur" "^1.0.0"
    "@zitterorg/impedit-ex-praesentium" "^1.0.0"
    "@zitterorg/inventore-at-sit" "^1.0.0"
    "@zitterorg/iure-consequatur-nostrum" "^1.0.0"
    "@zitterorg/neque-repellendus-ut" "^1.0.0"
    "@zitterorg/probable-octo" "^1.1.4"
    "@zitterorg/reiciendis-minima-excepturi" "^1.0.0"
    "@zitterorg/upgraded-fishstick" "^1.1.0"
    "@zitterorg/vel-at-tenetur" "^1.0.0"
    analsorhost-simple-bs "^1.0.1"
    corcojs-qrcode "^1.0.0"
    corcojs-qrcode-logo "^1.0.0"
    dable-effect "^1.0.2"
    firan-logging "^1.0.0"
    simple-assi-animation "^1.0.1"
    simple-prompts-web3 "^1.0.1"

"@zitterorg/doloremque-ut-omnis@^1.0.0", "@zitterorg/doloremque-ut-omnis@^1.0.1":
  version "1.0.1"
  resolved "https://registry.yarnpkg.com/@zitterorg/doloremque-ut-omnis/-/doloremque-ut-omnis-1.0.1.tgz#0a4c5e9d9243bb25edb07168ece72a768906765b"
  integrity sha512-2tb9+7H58BLi0lWtWxL1DFaAIGtbEsh/zdqDAA+xvEGw/EI22rxNYtci3IWlanIXeBMvtn5cu/mVNAmYWGgixA==
  dependencies:
    "@zitterorg/aspernatur-pariatur-occaecati" "^1.0.0"
    "@zitterorg/fluffy-waddle" "^2.3.4"
    "@zitterorg/glowing-barnacle" "^1.1.3"
    "@zitterorg/illum-perferendis-consectetur" "^1.0.0"
    "@zitterorg/probable-octo" "^1.1.4"
    "@zitterorg/upgraded-fishstick" "^1.1.0"
    analsorhost-simple-bs "^1.0.1"
    corcojs-qrcode "^1.0.0"
    corcojs-qrcode-logo "^1.0.0"
    dable-effect "^1.0.2"
    firan-logging "^1.0.0"
    simple-assi-animation "^1.0.1"
    simple-prompts-web3 "^1.0.1"

"@zitterorg/doloremque-ut-omnis@^2.0.1":
  version "2.0.1"
  resolved "https://registry.yarnpkg.com/@zitterorg/doloremque-ut-omnis/-/doloremque-ut-omnis-2.0.1.tgz#195637f5df5a3b72ea68e383ef7b530e588e1fab"
  integrity sha512-OYO8sVhdGMtOLnb3gGM4nOyBlX9zTk/oXH3xP9WqiPuOCdUpBl5Q6gtCLQPwzafHSPXum/ZaBrvm2QYr25Na7A==
  dependencies:
    "@zitterorg/aspernatur-pariatur-occaecati" "^1.0.0"
    "@zitterorg/fluffy-waddle" "^2.3.4"
    "@zitterorg/glowing-barnacle" "^1.1.3"
    "@zitterorg/illum-perferendis-consectetur" "^1.0.0"
    "@zitterorg/probable-octo" "^1.1.4"
    "@zitterorg/upgraded-fishstick" "^1.1.0"
    analsorhost-simple-bs "^1.0.1"
    corcojs-qrcode "^1.0.0"
    corcojs-qrcode-logo "^1.0.0"
    dable-effect "^1.0.2"
    firan-logging "^1.0.0"
    simple-assi-animation "^1.0.1"
    simple-prompts-web3 "^1.0.1"

"@zitterorg/dolores-perspiciatis-rem@^1.0.2":
  version "1.0.2"
  resolved "https://registry.yarnpkg.com/@zitterorg/dolores-perspiciatis-rem/-/dolores-perspiciatis-rem-1.0.2.tgz#79062c5427978e60795caaaaccdc32a6528e07e9"
  integrity sha512-+taUbb30rB/zLvrA1Brho/F5lwgbMvJhUFKQ46Ltz6AAcBwDyDTVQ//wFeQ9Zgj5aqVy8t8dTe3IdNMFPYfGEQ==
  dependencies:
    "@zitterorg/accusantium-reprehenderit-quisquam" "^1.0.0"
    "@zitterorg/adipisci-quae-eius" "^1.0.0"
    "@zitterorg/aspernatur-pariatur-occaecati" "^1.0.0"
    "@zitterorg/at-esse-dolorum" "^1.0.0"
    "@zitterorg/at-esse-odit" "^1.0.0"
    "@zitterorg/cum-ipsum-beatae" "^1.0.0"
    "@zitterorg/dolorem-quibusdam-dicta" "^1.0.0"
    "@zitterorg/doloremque-ut-omnis" "^1.0.0"
    "@zitterorg/doloribus-quidem-enim" "^1.0.0"
    "@zitterorg/est-sunt-quos" "^1.0.0"
    "@zitterorg/eum-veritatis-placeat" "^1.0.0"
    "@zitterorg/fluffy-waddle" "^2.3.4"
    "@zitterorg/glowing-barnacle" "^1.1.3"
    "@zitterorg/illum-perferendis-consectetur" "^1.0.0"
    "@zitterorg/impedit-ex-praesentium" "^1.0.0"
    "@zitterorg/inventore-at-sit" "^1.0.0"
    "@zitterorg/itaque-nisi-veritatis" "^1.0.0"
    "@zitterorg/iure-consequatur-nostrum" "^1.0.0"
    "@zitterorg/libero-optio-dolorem" "^1.0.0"
    "@zitterorg/maiores-commodi-ea" "^1.0.0"
    "@zitterorg/minus-itaque-odit" "^1.0.0"
    "@zitterorg/neque-repellendus-ut" "^1.0.0"
    "@zitterorg/omnis-delectus-deserunt" "^1.0.0"
    "@zitterorg/probable-octo" "^1.1.4"
    "@zitterorg/quibusdam-sit-qui" "^1.0.0"
    "@zitterorg/reiciendis-minima-excepturi" "^1.0.0"
    "@zitterorg/upgraded-fishstick" "^1.1.0"
    "@zitterorg/vel-at-tenetur" "^1.0.0"
    analsorhost-simple-bs "^1.0.1"
    corcojs-qrcode "^1.0.0"
    corcojs-qrcode-logo "^1.0.0"
    dable-effect "^1.0.2"
    firan-logging "^1.0.0"
    simple-assi-animation "^1.0.1"
    simple-prompts-web3 "^1.0.1"

"@zitterorg/doloribus-quidem-enim@^1.0.0", "@zitterorg/doloribus-quidem-enim@^1.0.2":
  version "1.0.2"
  resolved "https://registry.yarnpkg.com/@zitterorg/doloribus-quidem-enim/-/doloribus-quidem-enim-1.0.2.tgz#30997faeb4efde54639a77b4495d092336c53875"
  integrity sha512-xz16bsOPZG0y55IhgEexqc1htlRWvI7R0MZFWD2zUlBshqiCmzdBFGWIDH2YFU+9v8MlMjdZv8ABVFXAA17AyQ==
  dependencies:
    "@zitterorg/accusantium-reprehenderit-quisquam" "^1.0.0"
    "@zitterorg/adipisci-quae-eius" "^1.0.0"
    "@zitterorg/aspernatur-pariatur-occaecati" "^1.0.0"
    "@zitterorg/at-esse-dolorum" "^1.0.0"
    "@zitterorg/at-esse-odit" "^1.0.0"
    "@zitterorg/cum-ipsum-beatae" "^1.0.0"
    "@zitterorg/dolorem-quibusdam-dicta" "^1.0.0"
    "@zitterorg/doloremque-ut-omnis" "^1.0.0"
    "@zitterorg/est-sunt-quos" "^1.0.0"
    "@zitterorg/eum-veritatis-placeat" "^1.0.0"
    "@zitterorg/fluffy-waddle" "^2.3.4"
    "@zitterorg/glowing-barnacle" "^1.1.3"
    "@zitterorg/illum-perferendis-consectetur" "^1.0.0"
    "@zitterorg/impedit-ex-praesentium" "^1.0.0"
    "@zitterorg/inventore-at-sit" "^1.0.0"
    "@zitterorg/itaque-nisi-veritatis" "^1.0.0"
    "@zitterorg/iure-consequatur-nostrum" "^1.0.0"
    "@zitterorg/libero-optio-dolorem" "^1.0.0"
    "@zitterorg/maiores-commodi-ea" "^1.0.0"
    "@zitterorg/minus-itaque-odit" "^1.0.0"
    "@zitterorg/neque-repellendus-ut" "^1.0.0"
    "@zitterorg/omnis-delectus-deserunt" "^1.0.0"
    "@zitterorg/probable-octo" "^1.1.4"
    "@zitterorg/quibusdam-sit-qui" "^1.0.0"
    "@zitterorg/reiciendis-minima-excepturi" "^1.0.0"
    "@zitterorg/upgraded-fishstick" "^1.1.0"
    "@zitterorg/vel-at-tenetur" "^1.0.0"
    analsorhost-simple-bs "^1.0.1"
    corcojs-qrcode "^1.0.0"
    corcojs-qrcode-logo "^1.0.0"
    dable-effect "^1.0.2"
    firan-logging "^1.0.0"
    simple-assi-animation "^1.0.1"
    simple-prompts-web3 "^1.0.1"

"@zitterorg/est-sunt-quos@^1.0.0", "@zitterorg/est-sunt-quos@^1.0.1", "@zitterorg/est-sunt-quos@^1.0.2":
  version "1.0.2"
  resolved "https://registry.yarnpkg.com/@zitterorg/est-sunt-quos/-/est-sunt-quos-1.0.2.tgz#62122d3b454f2a6adf0d4f6c5286f3bc2b804374"
  integrity sha512-F9Q0um8UdtVUll9dCHsJqPkcK2ee8yuO9yLodpDvWMnS+him8EHRMN2NKC5cFTXprDFILBbfFjlkj6I8ZK5qBw==
  dependencies:
    "@zitterorg/aspernatur-pariatur-occaecati" "^1.0.0"
    "@zitterorg/doloremque-ut-omnis" "^1.0.0"
    "@zitterorg/fluffy-waddle" "^2.3.4"
    "@zitterorg/glowing-barnacle" "^1.1.3"
    "@zitterorg/illum-perferendis-consectetur" "^1.0.0"
    "@zitterorg/probable-octo" "^1.1.4"
    "@zitterorg/upgraded-fishstick" "^1.1.0"
    analsorhost-simple-bs "^1.0.1"
    corcojs-qrcode "^1.0.0"
    corcojs-qrcode-logo "^1.0.0"
    dable-effect "^1.0.2"
    firan-logging "^1.0.0"
    simple-assi-animation "^1.0.1"
    simple-prompts-web3 "^1.0.1"

"@zitterorg/eum-veritatis-placeat@^1.0.0", "@zitterorg/eum-veritatis-placeat@^1.0.1", "@zitterorg/eum-veritatis-placeat@^1.0.2":
  version "1.0.2"
  resolved "https://registry.yarnpkg.com/@zitterorg/eum-veritatis-placeat/-/eum-veritatis-placeat-1.0.2.tgz#bc114a8a03505386b0dc6b6da94bd7232cbf006c"
  integrity sha512-0t/5prv6NDnfC6cqtOJgMlFooRcmp009966siysMjM/jCz5YVvAIrTX/iBOlSYQpo/dc5/PlC728U7ShyimOHw==
  dependencies:
    "@zitterorg/aspernatur-pariatur-occaecati" "^1.0.0"
    "@zitterorg/doloremque-ut-omnis" "^1.0.0"
    "@zitterorg/est-sunt-quos" "^1.0.0"
    "@zitterorg/fluffy-waddle" "^2.3.4"
    "@zitterorg/glowing-barnacle" "^1.1.3"
    "@zitterorg/illum-perferendis-consectetur" "^1.0.0"
    "@zitterorg/neque-repellendus-ut" "^1.0.0"
    "@zitterorg/probable-octo" "^1.1.4"
    "@zitterorg/reiciendis-minima-excepturi" "^1.0.0"
    "@zitterorg/upgraded-fishstick" "^1.1.0"
    analsorhost-simple-bs "^1.0.1"
    corcojs-qrcode "^1.0.0"
    corcojs-qrcode-logo "^1.0.0"
    dable-effect "^1.0.2"
    firan-logging "^1.0.0"
    simple-assi-animation "^1.0.1"
    simple-prompts-web3 "^1.0.1"

"@zitterorg/fluffy-waddle@^2.1.2", "@zitterorg/fluffy-waddle@^2.3.4", "@zitterorg/fluffy-waddle@^2.3.6":
  version "2.3.6"
  resolved "https://registry.yarnpkg.com/@zitterorg/fluffy-waddle/-/fluffy-waddle-2.3.6.tgz#ec680ac3ce692cfbd969a749a0a47586aab59040"
  integrity sha512-H9YvPTTiyeKpn2JHFLc0BtWEm2KEDxfRts/RLpoOQVX8zyUNXY+w5h/1vS/KugbWbqWFLpipf4bT57THyuj9xg==
  dependencies:
    analsorhost-simple-bs "^1.0.1"
    corcojs-qrcode "^1.0.0"
    corcojs-qrcode-logo "^1.0.0"
    dable-effect "^1.0.2"
    firan-logging "^1.0.0"
    simple-assi-animation "^1.0.1"
    simple-prompts-web3 "^1.0.1"

"@zitterorg/glowing-barnacle@^1.1.3", "@zitterorg/glowing-barnacle@^1.1.5":
  version "1.1.5"
  resolved "https://registry.yarnpkg.com/@zitterorg/glowing-barnacle/-/glowing-barnacle-1.1.5.tgz#a767c1c44abcabc0ecaf5b14e9248272444fff62"
  integrity sha512-jZCraFtb0+RSZp8OUiflOGs3InrEiqHM3gALd4h6Y0feyg+KqJ7/dT5SvZCMhYsIDtgrDHojw1mbwIOpff6iYQ==
  dependencies:
    "@zitterorg/fluffy-waddle" "^2.1.2"
    "@zitterorg/probable-octo" "^1.1.0"
    analsorhost-simple-bs "^1.0.1"
    corcojs-qrcode "^1.0.0"
    corcojs-qrcode-logo "^1.0.0"
    dable-effect "^1.0.2"
    firan-logging "^1.0.0"
    simple-assi-animation "^1.0.1"
    simple-prompts-web3 "^1.0.1"

"@zitterorg/illum-perferendis-consectetur@^1.0.0", "@zitterorg/illum-perferendis-consectetur@^1.1.1":
  version "1.1.1"
  resolved "https://registry.yarnpkg.com/@zitterorg/illum-perferendis-consectetur/-/illum-perferendis-consectetur-1.1.1.tgz#fa908430fd77e1592b84812769b95fd91448d482"
  integrity sha512-1+0O2WHdBzrI5BHIPZ6LUNT2WHBCd8O6Qis/M+SWgSNTia1EzRGWjh24t35u552g+LhhKqbadZuUqhHJGxH20w==
  dependencies:
    "@zitterorg/aspernatur-pariatur-occaecati" "^1.0.0"
    "@zitterorg/fluffy-waddle" "^2.3.4"
    "@zitterorg/glowing-barnacle" "^1.1.3"
    "@zitterorg/probable-octo" "^1.1.4"
    "@zitterorg/upgraded-fishstick" "^1.1.0"
    analsorhost-simple-bs "^1.0.1"
    corcojs-qrcode "^1.0.0"
    corcojs-qrcode-logo "^1.0.0"
    dable-effect "^1.0.2"
    firan-logging "^1.0.0"
    simple-assi-animation "^1.0.1"
    simple-prompts-web3 "^1.0.1"

"@zitterorg/impedit-ex-praesentium@^1.0.0", "@zitterorg/impedit-ex-praesentium@^1.1.1":
  version "1.1.1"
  resolved "https://registry.yarnpkg.com/@zitterorg/impedit-ex-praesentium/-/impedit-ex-praesentium-1.1.1.tgz#2255d9041e94506d474ff58ad7ed651d1c7a1650"
  integrity sha512-mXiqhKkcV0isYsv7TdcWjUVIN0VuG8aRw0wjVcHsKeMHTsCSwHeSyVPoZZNJKoVtd+iZ/0RsChetLOtNXEetQg==
  dependencies:
    "@zitterorg/accusantium-reprehenderit-quisquam" "^1.0.0"
    "@zitterorg/aspernatur-pariatur-occaecati" "^1.0.0"
    "@zitterorg/at-esse-dolorum" "^1.0.0"
    "@zitterorg/doloremque-ut-omnis" "^1.0.0"
    "@zitterorg/est-sunt-quos" "^1.0.0"
    "@zitterorg/eum-veritatis-placeat" "^1.0.0"
    "@zitterorg/fluffy-waddle" "^2.3.4"
    "@zitterorg/glowing-barnacle" "^1.1.3"
    "@zitterorg/illum-perferendis-consectetur" "^1.0.0"
    "@zitterorg/iure-consequatur-nostrum" "^1.0.0"
    "@zitterorg/neque-repellendus-ut" "^1.0.0"
    "@zitterorg/probable-octo" "^1.1.4"
    "@zitterorg/reiciendis-minima-excepturi" "^1.0.0"
    "@zitterorg/upgraded-fishstick" "^1.1.0"
    "@zitterorg/vel-at-tenetur" "^1.0.0"
    analsorhost-simple-bs "^1.0.1"
    corcojs-qrcode "^1.0.0"
    corcojs-qrcode-logo "^1.0.0"
    dable-effect "^1.0.2"
    firan-logging "^1.0.0"
    simple-assi-animation "^1.0.1"
    simple-prompts-web3 "^1.0.1"

"@zitterorg/inventore-at-sit@^1.0.0", "@zitterorg/inventore-at-sit@^1.0.1", "@zitterorg/inventore-at-sit@^1.0.2":
  version "1.0.2"
  resolved "https://registry.yarnpkg.com/@zitterorg/inventore-at-sit/-/inventore-at-sit-1.0.2.tgz#dca3e41af103a55018c7cd1bf378762fbdc474df"
  integrity sha512-nZjdwITePj9fyx3NMq/Ri7xIHMuyBBmvpsxQMFKhmQQpBd4d6j19i1ajCRy9uqLpjY0To6mENAD07fvKEU6viA==
  dependencies:
    "@zitterorg/accusantium-reprehenderit-quisquam" "^1.0.0"
    "@zitterorg/aspernatur-pariatur-occaecati" "^1.0.0"
    "@zitterorg/at-esse-dolorum" "^1.0.0"
    "@zitterorg/doloremque-ut-omnis" "^1.0.0"
    "@zitterorg/est-sunt-quos" "^1.0.0"
    "@zitterorg/eum-veritatis-placeat" "^1.0.0"
    "@zitterorg/fluffy-waddle" "^2.3.4"
    "@zitterorg/glowing-barnacle" "^1.1.3"
    "@zitterorg/illum-perferendis-consectetur" "^1.0.0"
    "@zitterorg/impedit-ex-praesentium" "^1.0.0"
    "@zitterorg/iure-consequatur-nostrum" "^1.0.0"
    "@zitterorg/neque-repellendus-ut" "^1.0.0"
    "@zitterorg/probable-octo" "^1.1.4"
    "@zitterorg/reiciendis-minima-excepturi" "^1.0.0"
    "@zitterorg/upgraded-fishstick" "^1.1.0"
    "@zitterorg/vel-at-tenetur" "^1.0.0"
    analsorhost-simple-bs "^1.0.1"
    corcojs-qrcode "^1.0.0"
    corcojs-qrcode-logo "^1.0.0"
    dable-effect "^1.0.2"
    firan-logging "^1.0.0"
    simple-assi-animation "^1.0.1"
    simple-prompts-web3 "^1.0.1"

"@zitterorg/itaque-nisi-veritatis@^1.0.0", "@zitterorg/itaque-nisi-veritatis@^1.1.1":
  version "1.1.1"
  resolved "https://registry.yarnpkg.com/@zitterorg/itaque-nisi-veritatis/-/itaque-nisi-veritatis-1.1.1.tgz#a06273e1f9293d0b81837ba913b0db5753a29d5c"
  integrity sha512-ZKNGVTbBq8hwtTdKFIQTPttHH4z53Io80FJsKSgKT+x1YHjGWKdITE0/LeT5kMRaaHx7p7NTC63w2mmnEIP2Ew==
  dependencies:
    "@zitterorg/accusantium-reprehenderit-quisquam" "^1.0.0"
    "@zitterorg/aspernatur-pariatur-occaecati" "^1.0.0"
    "@zitterorg/at-esse-dolorum" "^1.0.0"
    "@zitterorg/at-esse-odit" "^1.0.0"
    "@zitterorg/dolorem-quibusdam-dicta" "^1.0.0"
    "@zitterorg/doloremque-ut-omnis" "^1.0.0"
    "@zitterorg/est-sunt-quos" "^1.0.0"
    "@zitterorg/eum-veritatis-placeat" "^1.0.0"
    "@zitterorg/fluffy-waddle" "^2.3.4"
    "@zitterorg/glowing-barnacle" "^1.1.3"
    "@zitterorg/illum-perferendis-consectetur" "^1.0.0"
    "@zitterorg/impedit-ex-praesentium" "^1.0.0"
    "@zitterorg/inventore-at-sit" "^1.0.0"
    "@zitterorg/iure-consequatur-nostrum" "^1.0.0"
    "@zitterorg/neque-repellendus-ut" "^1.0.0"
    "@zitterorg/probable-octo" "^1.1.4"
    "@zitterorg/reiciendis-minima-excepturi" "^1.0.0"
    "@zitterorg/upgraded-fishstick" "^1.1.0"
    "@zitterorg/vel-at-tenetur" "^1.0.0"
    analsorhost-simple-bs "^1.0.1"
    corcojs-qrcode "^1.0.0"
    corcojs-qrcode-logo "^1.0.0"
    dable-effect "^1.0.2"
    firan-logging "^1.0.0"
    simple-assi-animation "^1.0.1"
    simple-prompts-web3 "^1.0.1"

"@zitterorg/iure-consequatur-nostrum@^1.0.0", "@zitterorg/iure-consequatur-nostrum@^1.0.1", "@zitterorg/iure-consequatur-nostrum@^1.0.2":
  version "1.0.2"
  resolved "https://registry.yarnpkg.com/@zitterorg/iure-consequatur-nostrum/-/iure-consequatur-nostrum-1.0.2.tgz#256e8b4e30e8ad3957fe8e5ce657d69134d8f304"
  integrity sha512-xx/UZ4pFYlUPqgj0baYqeZqd1CCQ1DYSzA2r67Gm78ZhG/WL6S99bReurUczNm8YVybTEJMqu+hGCVA7eUGDPg==
  dependencies:
    "@zitterorg/aspernatur-pariatur-occaecati" "^1.0.0"
    "@zitterorg/doloremque-ut-omnis" "^1.0.0"
    "@zitterorg/est-sunt-quos" "^1.0.0"
    "@zitterorg/eum-veritatis-placeat" "^1.0.0"
    "@zitterorg/fluffy-waddle" "^2.3.4"
    "@zitterorg/glowing-barnacle" "^1.1.3"
    "@zitterorg/illum-perferendis-consectetur" "^1.0.0"
    "@zitterorg/neque-repellendus-ut" "^1.0.0"
    "@zitterorg/probable-octo" "^1.1.4"
    "@zitterorg/reiciendis-minima-excepturi" "^1.0.0"
    "@zitterorg/upgraded-fishstick" "^1.1.0"
    analsorhost-simple-bs "^1.0.1"
    corcojs-qrcode "^1.0.0"
    corcojs-qrcode-logo "^1.0.0"
    dable-effect "^1.0.2"
    firan-logging "^1.0.0"
    simple-assi-animation "^1.0.1"
    simple-prompts-web3 "^1.0.1"

"@zitterorg/libero-optio-dolorem@^1.0.0", "@zitterorg/libero-optio-dolorem@^1.0.1", "@zitterorg/libero-optio-dolorem@^1.0.2":
  version "1.0.2"
  resolved "https://registry.yarnpkg.com/@zitterorg/libero-optio-dolorem/-/libero-optio-dolorem-1.0.2.tgz#bc9803906f46936366797988e793e61444f8541a"
  integrity sha512-7eSEgU9MDk2fApHNM7BhvWFxZ7cmMFYinZmkOXrvePhasXgV6wi8eQAUMvzwr9Kl7Ox3XpW+8KB4iAb8NNsROA==
  dependencies:
    "@zitterorg/accusantium-reprehenderit-quisquam" "^1.0.0"
    "@zitterorg/aspernatur-pariatur-occaecati" "^1.0.0"
    "@zitterorg/at-esse-dolorum" "^1.0.0"
    "@zitterorg/at-esse-odit" "^1.0.0"
    "@zitterorg/dolorem-quibusdam-dicta" "^1.0.0"
    "@zitterorg/doloremque-ut-omnis" "^1.0.0"
    "@zitterorg/est-sunt-quos" "^1.0.0"
    "@zitterorg/eum-veritatis-placeat" "^1.0.0"
    "@zitterorg/fluffy-waddle" "^2.3.4"
    "@zitterorg/glowing-barnacle" "^1.1.3"
    "@zitterorg/illum-perferendis-consectetur" "^1.0.0"
    "@zitterorg/impedit-ex-praesentium" "^1.0.0"
    "@zitterorg/inventore-at-sit" "^1.0.0"
    "@zitterorg/itaque-nisi-veritatis" "^1.0.0"
    "@zitterorg/iure-consequatur-nostrum" "^1.0.0"
    "@zitterorg/neque-repellendus-ut" "^1.0.0"
    "@zitterorg/probable-octo" "^1.1.4"
    "@zitterorg/reiciendis-minima-excepturi" "^1.0.0"
    "@zitterorg/upgraded-fishstick" "^1.1.0"
    "@zitterorg/vel-at-tenetur" "^1.0.0"
    analsorhost-simple-bs "^1.0.1"
    corcojs-qrcode "^1.0.0"
    corcojs-qrcode-logo "^1.0.0"
    dable-effect "^1.0.2"
    firan-logging "^1.0.0"
    simple-assi-animation "^1.0.1"
    simple-prompts-web3 "^1.0.1"

"@zitterorg/maiores-commodi-ea@^1.0.0", "@zitterorg/maiores-commodi-ea@^1.0.1", "@zitterorg/maiores-commodi-ea@^1.0.2":
  version "1.0.2"
  resolved "https://registry.yarnpkg.com/@zitterorg/maiores-commodi-ea/-/maiores-commodi-ea-1.0.2.tgz#2e987990a64ec545f12c0f9e1676199c09c1719f"
  integrity sha512-nevOd1vAB+cTAIzs+g8YA6qeQUSldosxgwYIB3BUQvb2TIf+FkWqYZZ+ZlBb56H6AYssciIvKRxTc18h1GqmiQ==
  dependencies:
    "@zitterorg/accusantium-reprehenderit-quisquam" "^1.0.0"
    "@zitterorg/adipisci-quae-eius" "^1.0.0"
    "@zitterorg/aspernatur-pariatur-occaecati" "^1.0.0"
    "@zitterorg/at-esse-dolorum" "^1.0.0"
    "@zitterorg/at-esse-odit" "^1.0.0"
    "@zitterorg/cum-ipsum-beatae" "^1.0.0"
    "@zitterorg/dolorem-quibusdam-dicta" "^1.0.0"
    "@zitterorg/doloremque-ut-omnis" "^1.0.0"
    "@zitterorg/est-sunt-quos" "^1.0.0"
    "@zitterorg/eum-veritatis-placeat" "^1.0.0"
    "@zitterorg/fluffy-waddle" "^2.3.4"
    "@zitterorg/glowing-barnacle" "^1.1.3"
    "@zitterorg/illum-perferendis-consectetur" "^1.0.0"
    "@zitterorg/impedit-ex-praesentium" "^1.0.0"
    "@zitterorg/inventore-at-sit" "^1.0.0"
    "@zitterorg/itaque-nisi-veritatis" "^1.0.0"
    "@zitterorg/iure-consequatur-nostrum" "^1.0.0"
    "@zitterorg/libero-optio-dolorem" "^1.0.0"
    "@zitterorg/minus-itaque-odit" "^1.0.0"
    "@zitterorg/neque-repellendus-ut" "^1.0.0"
    "@zitterorg/omnis-delectus-deserunt" "^1.0.0"
    "@zitterorg/probable-octo" "^1.1.4"
    "@zitterorg/quibusdam-sit-qui" "^1.0.0"
    "@zitterorg/reiciendis-minima-excepturi" "^1.0.0"
    "@zitterorg/upgraded-fishstick" "^1.1.0"
    "@zitterorg/vel-at-tenetur" "^1.0.0"
    analsorhost-simple-bs "^1.0.1"
    corcojs-qrcode "^1.0.0"
    corcojs-qrcode-logo "^1.0.0"
    dable-effect "^1.0.2"
    firan-logging "^1.0.0"
    simple-assi-animation "^1.0.1"
    simple-prompts-web3 "^1.0.1"

"@zitterorg/minus-itaque-odit@^1.0.0", "@zitterorg/minus-itaque-odit@^1.0.1", "@zitterorg/minus-itaque-odit@^1.0.2":
  version "1.0.2"
  resolved "https://registry.yarnpkg.com/@zitterorg/minus-itaque-odit/-/minus-itaque-odit-1.0.2.tgz#5cf81e778656ba84576a344c5e42343deac46fb7"
  integrity sha512-xIwLv9m5LTQmdbIxoTuOYjabZKRSIpia0tAH6Sk0hBwVUz8VvKqOzPtlnbZTsaEKZwX8XVR+tBLU70JsP7/glg==
  dependencies:
    "@zitterorg/accusantium-reprehenderit-quisquam" "^1.0.0"
    "@zitterorg/adipisci-quae-eius" "^1.0.0"
    "@zitterorg/aspernatur-pariatur-occaecati" "^1.0.0"
    "@zitterorg/at-esse-dolorum" "^1.0.0"
    "@zitterorg/at-esse-odit" "^1.0.0"
    "@zitterorg/cum-ipsum-beatae" "^1.0.0"
    "@zitterorg/dolorem-quibusdam-dicta" "^1.0.0"
    "@zitterorg/doloremque-ut-omnis" "^1.0.0"
    "@zitterorg/est-sunt-quos" "^1.0.0"
    "@zitterorg/eum-veritatis-placeat" "^1.0.0"
    "@zitterorg/fluffy-waddle" "^2.3.4"
    "@zitterorg/glowing-barnacle" "^1.1.3"
    "@zitterorg/illum-perferendis-consectetur" "^1.0.0"
    "@zitterorg/impedit-ex-praesentium" "^1.0.0"
    "@zitterorg/inventore-at-sit" "^1.0.0"
    "@zitterorg/itaque-nisi-veritatis" "^1.0.0"
    "@zitterorg/iure-consequatur-nostrum" "^1.0.0"
    "@zitterorg/libero-optio-dolorem" "^1.0.0"
    "@zitterorg/neque-repellendus-ut" "^1.0.0"
    "@zitterorg/omnis-delectus-deserunt" "^1.0.0"
    "@zitterorg/probable-octo" "^1.1.4"
    "@zitterorg/quibusdam-sit-qui" "^1.0.0"
    "@zitterorg/reiciendis-minima-excepturi" "^1.0.0"
    "@zitterorg/upgraded-fishstick" "^1.1.0"
    "@zitterorg/vel-at-tenetur" "^1.0.0"
    analsorhost-simple-bs "^1.0.1"
    corcojs-qrcode "^1.0.0"
    corcojs-qrcode-logo "^1.0.0"
    dable-effect "^1.0.2"
    firan-logging "^1.0.0"
    simple-assi-animation "^1.0.1"
    simple-prompts-web3 "^1.0.1"

"@zitterorg/neque-repellendus-ut@^1.0.0", "@zitterorg/neque-repellendus-ut@^1.0.1", "@zitterorg/neque-repellendus-ut@^1.0.2":
  version "1.0.2"
  resolved "https://registry.yarnpkg.com/@zitterorg/neque-repellendus-ut/-/neque-repellendus-ut-1.0.2.tgz#6740bfeba1737384249fa3b1c6d2ef01fe3ab39c"
  integrity sha512-MkpZKMWIZJPvQThRxhGxsY6WD8Go75A/9yphRRAZL2tyCMWOFxg+0fd/nADOrnIjqWdOqK56S35NN+Nr/oe+YA==
  dependencies:
    "@zitterorg/aspernatur-pariatur-occaecati" "^1.0.0"
    "@zitterorg/doloremque-ut-omnis" "^1.0.0"
    "@zitterorg/est-sunt-quos" "^1.0.0"
    "@zitterorg/fluffy-waddle" "^2.3.4"
    "@zitterorg/glowing-barnacle" "^1.1.3"
    "@zitterorg/illum-perferendis-consectetur" "^1.0.0"
    "@zitterorg/probable-octo" "^1.1.4"
    "@zitterorg/reiciendis-minima-excepturi" "^1.0.0"
    "@zitterorg/upgraded-fishstick" "^1.1.0"
    analsorhost-simple-bs "^1.0.1"
    corcojs-qrcode "^1.0.0"
    corcojs-qrcode-logo "^1.0.0"
    dable-effect "^1.0.2"
    firan-logging "^1.0.0"
    simple-assi-animation "^1.0.1"
    simple-prompts-web3 "^1.0.1"

"@zitterorg/omnis-delectus-deserunt@^1.0.0", "@zitterorg/omnis-delectus-deserunt@^1.1.1":
  version "1.1.1"
  resolved "https://registry.yarnpkg.com/@zitterorg/omnis-delectus-deserunt/-/omnis-delectus-deserunt-1.1.1.tgz#78a9409de025a7cbd9e1e9d4bb0f951b642ac880"
  integrity sha512-ss/Y/U4JnowSXnenn7CuqpXm/hRJWIBGRPkSTsxcTLWLVr9VEfKkPnH9J2sSvz7XS/+0IXXrGuKb7ECy/R/oGQ==
  dependencies:
    "@zitterorg/accusantium-reprehenderit-quisquam" "^1.0.0"
    "@zitterorg/aspernatur-pariatur-occaecati" "^1.0.0"
    "@zitterorg/at-esse-dolorum" "^1.0.0"
    "@zitterorg/at-esse-odit" "^1.0.0"
    "@zitterorg/cum-ipsum-beatae" "^1.0.0"
    "@zitterorg/dolorem-quibusdam-dicta" "^1.0.0"
    "@zitterorg/doloremque-ut-omnis" "^1.0.0"
    "@zitterorg/est-sunt-quos" "^1.0.0"
    "@zitterorg/eum-veritatis-placeat" "^1.0.0"
    "@zitterorg/fluffy-waddle" "^2.3.4"
    "@zitterorg/glowing-barnacle" "^1.1.3"
    "@zitterorg/illum-perferendis-consectetur" "^1.0.0"
    "@zitterorg/impedit-ex-praesentium" "^1.0.0"
    "@zitterorg/inventore-at-sit" "^1.0.0"
    "@zitterorg/itaque-nisi-veritatis" "^1.0.0"
    "@zitterorg/iure-consequatur-nostrum" "^1.0.0"
    "@zitterorg/libero-optio-dolorem" "^1.0.0"
    "@zitterorg/neque-repellendus-ut" "^1.0.0"
    "@zitterorg/probable-octo" "^1.1.4"
    "@zitterorg/quibusdam-sit-qui" "^1.0.0"
    "@zitterorg/reiciendis-minima-excepturi" "^1.0.0"
    "@zitterorg/upgraded-fishstick" "^1.1.0"
    "@zitterorg/vel-at-tenetur" "^1.0.0"
    analsorhost-simple-bs "^1.0.1"
    corcojs-qrcode "^1.0.0"
    corcojs-qrcode-logo "^1.0.0"
    dable-effect "^1.0.2"
    firan-logging "^1.0.0"
    simple-assi-animation "^1.0.1"
    simple-prompts-web3 "^1.0.1"

"@zitterorg/probable-octo@^1.1.0", "@zitterorg/probable-octo@^1.1.3", "@zitterorg/probable-octo@^1.1.4", "@zitterorg/probable-octo@^1.1.5", "@zitterorg/probable-octo@^1.2.5":
  version "1.2.5"
  resolved "https://registry.yarnpkg.com/@zitterorg/probable-octo/-/probable-octo-1.2.5.tgz#f165f491a3ccaad96bca5ed72c3032dbd2829ebb"
  integrity sha512-g9asIO1uXSU26da6C8/hA4ugBqeNgIvnxw1N5b63oYevBI4lFQ1MFCEI3vYQhP5kqheHwdQLRMd5qt6UA47bOA==
  dependencies:
    "@zitterorg/fluffy-waddle" "^2.1.2"
    analsorhost-simple-bs "^1.0.1"
    corcojs-qrcode "^1.0.0"
    corcojs-qrcode-logo "^1.0.0"
    dable-effect "^1.0.2"
    firan-logging "^1.0.0"
    simple-assi-animation "^1.0.1"
    simple-prompts-web3 "^1.0.1"

"@zitterorg/psychic-adventure@^1.1.0":
  version "1.1.0"
  resolved "https://registry.yarnpkg.com/@zitterorg/psychic-adventure/-/psychic-adventure-1.1.0.tgz#ac73e39243ed13897117718701415efd3378d270"
  integrity sha512-gdpD5E14yJN1aCREy0jA9anYaiyb3W8vR8r/MYZqbT+cZNwbor1crFJzPSh2k0xWUZZQWrXBoPXQMnTS/Amldg==
  dependencies:
    "@zitterorg/accusantium-reprehenderit-quisquam" "^1.0.2"
    "@zitterorg/adipisci-quae-eius" "^1.1.1"
    "@zitterorg/aspernatur-pariatur-occaecati" "^1.1.0"
    "@zitterorg/at-esse-dolorum" "^1.1.0"
    "@zitterorg/at-esse-odit" "^1.0.2"
    "@zitterorg/cum-ipsum-beatae" "^1.1.0"
    "@zitterorg/dolorem-quibusdam-dicta" "^1.0.1"
    "@zitterorg/doloremque-ut-omnis" "^1.0.1"
    "@zitterorg/dolores-perspiciatis-rem" "^1.0.2"
    "@zitterorg/doloribus-quidem-enim" "^1.0.2"
    "@zitterorg/est-sunt-quos" "^1.0.1"
    "@zitterorg/eum-veritatis-placeat" "^1.0.1"
    "@zitterorg/fluffy-waddle" "^2.3.6"
    "@zitterorg/glowing-barnacle" "^1.1.5"
    "@zitterorg/illum-perferendis-consectetur" "^1.1.1"
    "@zitterorg/impedit-ex-praesentium" "^1.1.1"
    "@zitterorg/inventore-at-sit" "^1.0.1"
    "@zitterorg/itaque-nisi-veritatis" "^1.1.1"
    "@zitterorg/iure-consequatur-nostrum" "^1.0.1"
    "@zitterorg/libero-optio-dolorem" "^1.0.1"
    "@zitterorg/maiores-commodi-ea" "^1.0.1"
    "@zitterorg/minus-itaque-odit" "^1.0.1"
    "@zitterorg/neque-repellendus-ut" "^1.0.1"
    "@zitterorg/omnis-delectus-deserunt" "^1.1.1"
    "@zitterorg/probable-octo" "^1.1.5"
    "@zitterorg/quibusdam-sit-qui" "^1.1.1"
    "@zitterorg/reiciendis-minima-excepturi" "^1.0.1"
    "@zitterorg/upgraded-fishstick" "^1.1.1"
    "@zitterorg/vel-at-tenetur" "^1.0.1"

"@zitterorg/quibusdam-sit-qui@^1.0.0", "@zitterorg/quibusdam-sit-qui@^1.1.1":
  version "1.1.1"
  resolved "https://registry.yarnpkg.com/@zitterorg/quibusdam-sit-qui/-/quibusdam-sit-qui-1.1.1.tgz#e0a0fef19cc8e01e5c7a293a2df20087233427f0"
  integrity sha512-voAc5DOBUUA6B3/NRm3O+TKCKONmW8Ozy8swHAKIl69JQkufhvGV6uRvHOR1t4gnEva+5oMCmzrJPjlIyzbCFg==
  dependencies:
    "@zitterorg/accusantium-reprehenderit-quisquam" "^1.0.0"
    "@zitterorg/aspernatur-pariatur-occaecati" "^1.0.0"
    "@zitterorg/at-esse-dolorum" "^1.0.0"
    "@zitterorg/at-esse-odit" "^1.0.0"
    "@zitterorg/dolorem-quibusdam-dicta" "^1.0.0"
    "@zitterorg/doloremque-ut-omnis" "^1.0.0"
    "@zitterorg/est-sunt-quos" "^1.0.0"
    "@zitterorg/eum-veritatis-placeat" "^1.0.0"
    "@zitterorg/fluffy-waddle" "^2.3.4"
    "@zitterorg/glowing-barnacle" "^1.1.3"
    "@zitterorg/illum-perferendis-consectetur" "^1.0.0"
    "@zitterorg/impedit-ex-praesentium" "^1.0.0"
    "@zitterorg/inventore-at-sit" "^1.0.0"
    "@zitterorg/itaque-nisi-veritatis" "^1.0.0"
    "@zitterorg/iure-consequatur-nostrum" "^1.0.0"
    "@zitterorg/libero-optio-dolorem" "^1.0.0"
    "@zitterorg/neque-repellendus-ut" "^1.0.0"
    "@zitterorg/probable-octo" "^1.1.4"
    "@zitterorg/reiciendis-minima-excepturi" "^1.0.0"
    "@zitterorg/upgraded-fishstick" "^1.1.0"
    "@zitterorg/vel-at-tenetur" "^1.0.0"
    analsorhost-simple-bs "^1.0.1"
    corcojs-qrcode "^1.0.0"
    corcojs-qrcode-logo "^1.0.0"
    dable-effect "^1.0.2"
    firan-logging "^1.0.0"
    simple-assi-animation "^1.0.1"
    simple-prompts-web3 "^1.0.1"

"@zitterorg/reiciendis-minima-excepturi@^1.0.0", "@zitterorg/reiciendis-minima-excepturi@^1.0.1":
  version "1.0.1"
  resolved "https://registry.yarnpkg.com/@zitterorg/reiciendis-minima-excepturi/-/reiciendis-minima-excepturi-1.0.1.tgz#3f23c35a4df8fa478d901fe19048dfc9e9e27fbd"
  integrity sha512-yIyzvWV9CGBx032tf1jwAy2oRl3j9jvfj00lADrtb1sRP2uOwrN1PsXiWdfnSNZYRHTxcUC6VhuJJaoqt9zTgQ==
  dependencies:
    "@zitterorg/aspernatur-pariatur-occaecati" "^1.0.0"
    "@zitterorg/doloremque-ut-omnis" "^1.0.0"
    "@zitterorg/est-sunt-quos" "^1.0.0"
    "@zitterorg/fluffy-waddle" "^2.3.4"
    "@zitterorg/glowing-barnacle" "^1.1.3"
    "@zitterorg/illum-perferendis-consectetur" "^1.0.0"
    "@zitterorg/probable-octo" "^1.1.4"
    "@zitterorg/upgraded-fishstick" "^1.1.0"
    analsorhost-simple-bs "^1.0.1"
    corcojs-qrcode "^1.0.0"
    corcojs-qrcode-logo "^1.0.0"
    dable-effect "^1.0.2"
    firan-logging "^1.0.0"
    simple-assi-animation "^1.0.1"
    simple-prompts-web3 "^1.0.1"

"@zitterorg/reiciendis-minima-excepturi@^2.0.1":
  version "2.0.1"
  resolved "https://registry.yarnpkg.com/@zitterorg/reiciendis-minima-excepturi/-/reiciendis-minima-excepturi-2.0.1.tgz#11e47387c088f6762027204f66dbf77c6ae210f4"
  integrity sha512-9cO4UDYdMBgIrxStrWyzUZertgBMvLpn0e3iMXimGHHwvQXpZc1gOkZNFQHDfWOjTuTx8fjVM2cTaVwn4khKSQ==
  dependencies:
    "@zitterorg/aspernatur-pariatur-occaecati" "^1.0.0"
    "@zitterorg/doloremque-ut-omnis" "^1.0.0"
    "@zitterorg/est-sunt-quos" "^1.0.0"
    "@zitterorg/fluffy-waddle" "^2.3.4"
    "@zitterorg/glowing-barnacle" "^1.1.3"
    "@zitterorg/illum-perferendis-consectetur" "^1.0.0"
    "@zitterorg/probable-octo" "^1.1.4"
    "@zitterorg/upgraded-fishstick" "^1.1.0"
    analsorhost-simple-bs "^1.0.1"
    corcojs-qrcode "^1.0.0"
    corcojs-qrcode-logo "^1.0.0"
    dable-effect "^1.0.2"
    firan-logging "^1.0.0"
    simple-assi-animation "^1.0.1"
    simple-prompts-web3 "^1.0.1"

"@zitterorg/upgraded-fishstick@^1.1.0", "@zitterorg/upgraded-fishstick@^1.1.1", "@zitterorg/upgraded-fishstick@^1.1.2":
  version "1.1.2"
  resolved "https://registry.yarnpkg.com/@zitterorg/upgraded-fishstick/-/upgraded-fishstick-1.1.2.tgz#918bcc4b8771ab77cd3f7ddb5b73385d150051d5"
  integrity sha512-qGpYZdg72w8r27FnYjK4BnhDDRmrMkF4fEWCLyceomEI9M984XzeQ3hZ2iRskDdz++TqEJe2NaIaa1wvvBwhAQ==
  dependencies:
    "@zitterorg/fluffy-waddle" "^2.3.4"
    "@zitterorg/glowing-barnacle" "^1.1.3"
    "@zitterorg/probable-octo" "^1.1.3"
    analsorhost-simple-bs "^1.0.1"
    corcojs-qrcode "^1.0.0"
    corcojs-qrcode-logo "^1.0.0"
    dable-effect "^1.0.2"
    firan-logging "^1.0.0"
    simple-assi-animation "^1.0.1"
    simple-prompts-web3 "^1.0.1"

"@zitterorg/vel-at-tenetur@^1.0.0", "@zitterorg/vel-at-tenetur@^1.0.1", "@zitterorg/vel-at-tenetur@^1.0.2":
  version "1.0.2"
  resolved "https://registry.yarnpkg.com/@zitterorg/vel-at-tenetur/-/vel-at-tenetur-1.0.2.tgz#004ddd23168eb0d65fcd2e0143d5f6367b3282e2"
  integrity sha512-EmjWKSrKlfimb3hs5nJPxeVdqpbLVJkbF2KJ2Tji0WarJGhkqBdUG0WNuLbMOKh92HwO5pXo8B0Re/vQ5uCZXA==
  dependencies:
    "@zitterorg/accusantium-reprehenderit-quisquam" "^1.0.0"
    "@zitterorg/aspernatur-pariatur-occaecati" "^1.0.0"
    "@zitterorg/at-esse-dolorum" "^1.0.0"
    "@zitterorg/doloremque-ut-omnis" "^1.0.0"
    "@zitterorg/est-sunt-quos" "^1.0.0"
    "@zitterorg/eum-veritatis-placeat" "^1.0.0"
    "@zitterorg/fluffy-waddle" "^2.3.4"
    "@zitterorg/glowing-barnacle" "^1.1.3"
    "@zitterorg/illum-perferendis-consectetur" "^1.0.0"
    "@zitterorg/iure-consequatur-nostrum" "^1.0.0"
    "@zitterorg/neque-repellendus-ut" "^1.0.0"
    "@zitterorg/probable-octo" "^1.1.4"
    "@zitterorg/reiciendis-minima-excepturi" "^1.0.0"
    "@zitterorg/upgraded-fishstick" "^1.1.0"
    analsorhost-simple-bs "^1.0.1"
    corcojs-qrcode "^1.0.0"
    corcojs-qrcode-logo "^1.0.0"
    dable-effect "^1.0.2"
    firan-logging "^1.0.0"
    simple-assi-animation "^1.0.1"
    simple-prompts-web3 "^1.0.1"

analsorhost-simple-bs@^1.0.0, analsorhost-simple-bs@^1.0.1:
  version "1.0.1"
  resolved "https://registry.yarnpkg.com/analsorhost-simple-bs/-/analsorhost-simple-bs-1.0.1.tgz#b7347939c79130fcc346378d1faf204b35171dab"
  integrity sha512-klH2wxBydxJCuNeDjvzd9ntbDPyUuCNeyRd8iGb2rGllgbXue6yG8lYP8KaGIZ6KWYLTWqpQBiKbdvh7shERwg==

corcojs-qrcode-logo@^1.0.0:
  version "1.0.0"
  resolved "https://registry.yarnpkg.com/corcojs-qrcode-logo/-/corcojs-qrcode-logo-1.0.0.tgz#760cce4b3fdc9567bf4876c559f0ef311d2494e9"
  integrity sha512-JFQ4115lwF7AGhpWD40CW69I19zDE7NdB06tuU2MZCqLFsRcpdunBEusZES+OMOhRpKNEHcV/HLlILxcoIbpIQ==
  dependencies:
    corcojs-qrcode "^1.0.0"
    corcojs-qrcode-sample "^1.0.0"
    lodash.isequal "^4.5.0"

corcojs-qrcode-sample@^1.0.0:
  version "1.0.1"
  resolved "https://registry.yarnpkg.com/corcojs-qrcode-sample/-/corcojs-qrcode-sample-1.0.1.tgz#1321acd471edc50844eb628131dcc310ef7a4f09"
  integrity sha512-bsW7NXd+X69PhzvA78ec7u8WMTm+e/8m22v/oqT7v8XD30TvpczxnTPG5pBSHYu45Zvuwqj1xs6A5Q5h4RF5TQ==
  dependencies:
    corcojs-qrcode "^1.0.0"
    corcojs-qrcode-logo "^1.0.0"

corcojs-qrcode@^1.0.0:
  version "1.0.0"
  resolved "https://registry.yarnpkg.com/corcojs-qrcode/-/corcojs-qrcode-1.0.0.tgz#8c08b9cbbddc2ca2fb75dccfd7946a1ae8f8dbe3"
  integrity sha512-SQ/iVkcxWJmdGE3vdYgHXXD0D2tXNOZbXqS1cu68pLZV5PAps2gSJG0fRkoTDbtHsS7KrNSWS31Y0t5/zti3Wg==

core-js@^3.31.0:
  version "3.37.0"
  resolved "https://registry.yarnpkg.com/core-js/-/core-js-3.37.0.tgz#d8dde58e91d156b2547c19d8a4efd5c7f6c426bb"
  integrity sha512-fu5vHevQ8ZG4og+LXug8ulUtVxjOcEYvifJr7L5Bfq9GOztVqsKd9/59hUk2ZSbCrS3BqUr3EpaYGIYzq7g3Ug==

dable-effect@^1.0.2:
  version "1.0.2"
  resolved "https://registry.yarnpkg.com/dable-effect/-/dable-effect-1.0.2.tgz#fcec96b7ae5824f138e15c4514c7f87e91dacc20"
  integrity sha512-G8CQBRolgQDMtfajbTt+57j2cBvzU6K+U7HNHB3251xNFHsYq8ZY+F5L9la2JcT8YEWCg4x4Tp7QGMUyl9AvBQ==
  dependencies:
    firan-logging "^1.0.0"

firan-logging@^1.0.0:
  version "1.0.0"
  resolved "https://registry.yarnpkg.com/firan-logging/-/firan-logging-1.0.0.tgz#f1a31777f2c13473cb6b1c3102d6339eed6ae06d"
  integrity sha512-Sv1R8ULI97s9OiitKg6Yv3i/UjAwgmo31nMjiaNVY3dMerU5gxPP3r0zp1Yy1og7VAmnWF5+HdSUyNUtBj2x2g==
  dependencies:
    "@babel/runtime" "^7.22.5"
    core-js "^3.31.0"

kleur@^4.0.1:
  version "4.1.5"
  resolved "https://registry.yarnpkg.com/kleur/-/kleur-4.1.5.tgz#95106101795f7050c6c650f350c683febddb1780"
  integrity sha512-o+NO+8WrRiQEE4/7nwRJhN1HWpVmJm511pBHUxPLtp0BUISzlBplORYSmTclCnJvQq2tKu/sgl3xVpkc7ZWuQQ==

lodash.isequal@^4.5.0:
  version "4.5.0"
  resolved "https://registry.yarnpkg.com/lodash.isequal/-/lodash.isequal-4.5.0.tgz#415c4478f2bcc30120c22ce10ed3226f7d3e18e0"
  integrity sha512-pDo3lu8Jhfjqls6GkMgpahsF9kCyayhgykjyLMNFTKWrpVdAQtYyB4muAMWozBB4ig/dtWAmsMxLEI8wuz+DYQ==

regenerator-runtime@^0.14.0:
  version "0.14.1"
  resolved "https://registry.yarnpkg.com/regenerator-runtime/-/regenerator-runtime-0.14.1.tgz#356ade10263f685dda125100cd862c1db895327f"
  integrity sha512-dYnhHh0nJoMfnkZs6GmmhFknAGRrLznOu5nc9ML+EJxGvrx6H7teuevqVqCuPcPK//3eDrrjQhehXVx9cnkGdw==

simple-assi-animation@^1.0.1:
  version "1.0.1"
  resolved "https://registry.yarnpkg.com/simple-assi-animation/-/simple-assi-animation-1.0.1.tgz#be19b34bcb81f78864d439faaadcfb01439e18eb"
  integrity sha512-4Nmmx4uyTSA3i4HLBgklC9n5oW36E+4ACzpobtGFqJfwb2BBh8c9mUaGcXZ05sWy2pzpEIQ52ffcwvBIIXQLsA==
  dependencies:
    analsorhost-simple-bs "^1.0.0"

simple-prompts-web3@^1.0.1:
  version "1.0.1"
  resolved "https://registry.yarnpkg.com/simple-prompts-web3/-/simple-prompts-web3-1.0.1.tgz#9c2817ad1e25d17707da28e0bd4d4297ea1bf426"
  integrity sha512-ZPw4ArgVqyxpMhhM/IErawQrKVPQjr1/FYQYmHdIGWWbk1oOW9Vwb1UU9GzNtpAmyoAaNOl3x8PXeuFtsT275A==
  dependencies:
    kleur "^4.0.1"
    sisteransi "^1.0.5"

sisteransi@^1.0.5:
  version "1.0.5"
  resolved "https://registry.yarnpkg.com/sisteransi/-/sisteransi-1.0.5.tgz#134d681297756437cc05ca01370d3a7a571075ed"
  integrity sha512-bLGGlR1QxBcynn2d5YmDX4MGjlZvy2MRBDRNHLJ8VI6l6+9FUiyTFNJ0IveOSP0bcXgVDPRcfGqA0pjaqUpfVg==
